
Microsoft Visual Studio Solution File, Format Version 12.00
# Visual Studio Version 17
VisualStudioVersion = 17.0.31903.59
MinimumVisualStudioVersion = 10.0.40219.1
Project("{2150E333-8FDC-42A3-9474-1A3956D46DE8}") = "EndPos", "EndPos", "{08FE8AD0-71A6-4D3C-B4F2-50F865F9230F}"
EndProject
Project("{2150E333-8FDC-42A3-9474-1A3956D46DE8}") = "Applications", "Applications", "{234E0984-809B-4CF5-AECD-E146EE7A21AE}"
EndProject
Project("{2150E333-8FDC-42A3-9474-1A3956D46DE8}") = "Station", "Station", "{BE3D44C3-BFBC-459F-BAD8-ECF106571B6A}"
EndProject
Project("{FAE04EC0-301F-11D3-BF4B-00C04F79EFBC}") = "EndPos.Applications.Station.Service", "EndPos\Applications\Station\Service\EndPos.Applications.Station.Service.csproj", "{0F0E3159-6B19-479F-BC0C-91B362EA0066}"
EndProject
Global
	GlobalSection(SolutionProperties) = preSolution
		HideSolutionNode = FALSE
	EndGlobalSection
	GlobalSection(SolutionConfigurationPlatforms) = preSolution
		Debug|Any CPU = Debug|Any CPU
		Debug|x64 = Debug|x64
		Debug|x86 = Debug|x86
		Release|Any CPU = Release|Any CPU
		Release|x64 = Release|x64
		Release|x86 = Release|x86
	EndGlobalSection
	GlobalSection(ProjectConfigurationPlatforms) = postSolution
		{0F0E3159-6B19-479F-BC0C-91B362EA0066}.Debug|Any CPU.ActiveCfg = Debug|Any CPU
		{0F0E3159-6B19-479F-BC0C-91B362EA0066}.Debug|Any CPU.Build.0 = Debug|Any CPU
		{0F0E3159-6B19-479F-BC0C-91B362EA0066}.Debug|x64.ActiveCfg = Debug|Any CPU
		{0F0E3159-6B19-479F-BC0C-91B362EA0066}.Debug|x64.Build.0 = Debug|Any CPU
		{0F0E3159-6B19-479F-BC0C-91B362EA0066}.Debug|x86.ActiveCfg = Debug|Any CPU
		{0F0E3159-6B19-479F-BC0C-91B362EA0066}.Debug|x86.Build.0 = Debug|Any CPU
		{0F0E3159-6B19-479F-BC0C-91B362EA0066}.Release|Any CPU.ActiveCfg = Release|Any CPU
		{0F0E3159-6B19-479F-BC0C-91B362EA0066}.Release|Any CPU.Build.0 = Release|Any CPU
		{0F0E3159-6B19-479F-BC0C-91B362EA0066}.Release|x64.ActiveCfg = Release|Any CPU
		{0F0E3159-6B19-479F-BC0C-91B362EA0066}.Release|x64.Build.0 = Release|Any CPU
		{0F0E3159-6B19-479F-BC0C-91B362EA0066}.Release|x86.ActiveCfg = Release|Any CPU
		{0F0E3159-6B19-479F-BC0C-91B362EA0066}.Release|x86.Build.0 = Release|Any CPU
	EndGlobalSection
	GlobalSection(NestedProjects) = preSolution
		{234E0984-809B-4CF5-AECD-E146EE7A21AE} = {08FE8AD0-71A6-4D3C-B4F2-50F865F9230F}
		{BE3D44C3-BFBC-459F-BAD8-ECF106571B6A} = {234E0984-809B-4CF5-AECD-E146EE7A21AE}
		{0F0E3159-6B19-479F-BC0C-91B362EA0066} = {BE3D44C3-BFBC-459F-BAD8-ECF106571B6A}
	EndGlobalSection
EndGlobal
